
Microsoft Visual Studio Solution File, Format Version 12.00
# Visual Studio Version 17
VisualStudioVersion = 17.2.32630.192
MinimumVisualStudioVersion = 10.0.40219.1
Project("{FAE04EC0-301F-11D3-BF4B-00C04F79EFBC}") = "StringSplittingMethod", "StringSplittingMethod\StringSplittingMethod.csproj", "{5964D02A-097F-4EB7-A070-3686CDD26323}"
EndProject
Project("{FAE04EC0-301F-11D3-BF4B-00C04F79EFBC}") = "RearrangingWords", "RearrangingWords\RearrangingWords.csproj", "{354D1AD7-A3F3-4F16-A784-0E70B9F52D61}"
EndProject
Global
	GlobalSection(SolutionConfigurationPlatforms) = preSolution
		Debug|Any CPU = Debug|Any CPU
		Release|Any CPU = Release|Any CPU
	EndGlobalSection
	GlobalSection(ProjectConfigurationPlatforms) = postSolution
		{5964D02A-097F-4EB7-A070-3686CDD26323}.Debug|Any CPU.ActiveCfg = Debug|Any CPU
		{5964D02A-097F-4EB7-A070-3686CDD26323}.Debug|Any CPU.Build.0 = Debug|Any CPU
		{5964D02A-097F-4EB7-A070-3686CDD26323}.Release|Any CPU.ActiveCfg = Release|Any CPU
		{5964D02A-097F-4EB7-A070-3686CDD26323}.Release|Any CPU.Build.0 = Release|Any CPU
		{354D1AD7-A3F3-4F16-A784-0E70B9F52D61}.Debug|Any CPU.ActiveCfg = Debug|Any CPU
		{354D1AD7-A3F3-4F16-A784-0E70B9F52D61}.Debug|Any CPU.Build.0 = Debug|Any CPU
		{354D1AD7-A3F3-4F16-A784-0E70B9F52D61}.Release|Any CPU.ActiveCfg = Release|Any CPU
		{354D1AD7-A3F3-4F16-A784-0E70B9F52D61}.Release|Any CPU.Build.0 = Release|Any CPU
	EndGlobalSection
	GlobalSection(SolutionProperties) = preSolution
		HideSolutionNode = FALSE
	EndGlobalSection
	GlobalSection(ExtensibilityGlobals) = postSolution
		SolutionGuid = {B7B87FD2-AC5C-48EE-BB05-B03D184E409F}
	EndGlobalSection
EndGlobal
